
Microsoft Visual Studio Solution File, Format Version 12.00
# Visual Studio Version 17
VisualStudioVersion = 17.9.34728.123
MinimumVisualStudioVersion = 10.0.40219.1
Project("{FAE04EC0-301F-11D3-BF4B-00C04F79EFBC}") = "sharlayan-reader", "sharlayan-reader\sharlayan-reader.csproj", "{519C8EE3-2793-4761-89A3-0CC8102365C8}"
EndProject
Project("{9A19103F-16F7-4668-BE54-9A1E7A4F7556}") = "Sharlayan", "Sharlayan\Sharlayan.csproj", "{774F6B8F-E46A-4A2A-A080-4B1831269037}"
EndProject
Global
	GlobalSection(SolutionConfigurationPlatforms) = preSolution
		Debug|Any CPU = Debug|Any CPU
		Debug|x64 = Debug|x64
		Release|Any CPU = Release|Any CPU
		Release|x64 = Release|x64
	EndGlobalSection
	GlobalSection(ProjectConfigurationPlatforms) = postSolution
		{519C8EE3-2793-4761-89A3-0CC8102365C8}.Debug|Any CPU.ActiveCfg = Debug|Any CPU
		{519C8EE3-2793-4761-89A3-0CC8102365C8}.Debug|Any CPU.Build.0 = Debug|Any CPU
		{519C8EE3-2793-4761-89A3-0CC8102365C8}.Debug|x64.ActiveCfg = Debug|x64
		{519C8EE3-2793-4761-89A3-0CC8102365C8}.Debug|x64.Build.0 = Debug|x64
		{519C8EE3-2793-4761-89A3-0CC8102365C8}.Release|Any CPU.ActiveCfg = Release|Any CPU
		{519C8EE3-2793-4761-89A3-0CC8102365C8}.Release|Any CPU.Build.0 = Release|Any CPU
		{519C8EE3-2793-4761-89A3-0CC8102365C8}.Release|x64.ActiveCfg = Release|x64
		{519C8EE3-2793-4761-89A3-0CC8102365C8}.Release|x64.Build.0 = Release|x64
		{774F6B8F-E46A-4A2A-A080-4B1831269037}.Debug|Any CPU.ActiveCfg = Debug|Any CPU
		{774F6B8F-E46A-4A2A-A080-4B1831269037}.Debug|Any CPU.Build.0 = Debug|Any CPU
		{774F6B8F-E46A-4A2A-A080-4B1831269037}.Debug|x64.ActiveCfg = Debug|x64
		{774F6B8F-E46A-4A2A-A080-4B1831269037}.Debug|x64.Build.0 = Debug|x64
		{774F6B8F-E46A-4A2A-A080-4B1831269037}.Release|Any CPU.ActiveCfg = Release|Any CPU
		{774F6B8F-E46A-4A2A-A080-4B1831269037}.Release|Any CPU.Build.0 = Release|Any CPU
		{774F6B8F-E46A-4A2A-A080-4B1831269037}.Release|x64.ActiveCfg = Release|x64
		{774F6B8F-E46A-4A2A-A080-4B1831269037}.Release|x64.Build.0 = Release|x64
	EndGlobalSection
	GlobalSection(SolutionProperties) = preSolution
		HideSolutionNode = FALSE
	EndGlobalSection
	GlobalSection(ExtensibilityGlobals) = postSolution
		SolutionGuid = {C3D483A8-38EC-437C-811A-BDE398A473E0}
	EndGlobalSection
EndGlobal
